
Microsoft Visual Studio Solution File, Format Version 12.00
# Visual Studio Version 17
VisualStudioVersion = 17.14.36221.1 d17.14
MinimumVisualStudioVersion = 10.0.40219.1
Project("{FAE04EC0-301F-11D3-BF4B-00C04F79EFBC}") = "SE_Programm", "SE_Programm\SE_Programm.csproj", "{9C8F49DD-49DA-4952-A01D-8BBB5D2894D7}"
EndProject
Global
	GlobalSection(SolutionConfigurationPlatforms) = preSolution
		Debug|Any CPU = Debug|Any CPU
		Release|Any CPU = Release|Any CPU
	EndGlobalSection
	GlobalSection(ProjectConfigurationPlatforms) = postSolution
		{9C8F49DD-49DA-4952-A01D-8BBB5D2894D7}.Debug|Any CPU.ActiveCfg = Debug|Any CPU
		{9C8F49DD-49DA-4952-A01D-8BBB5D2894D7}.Debug|Any CPU.Build.0 = Debug|Any CPU
		{9C8F49DD-49DA-4952-A01D-8BBB5D2894D7}.Release|Any CPU.ActiveCfg = Release|Any CPU
		{9C8F49DD-49DA-4952-A01D-8BBB5D2894D7}.Release|Any CPU.Build.0 = Release|Any CPU
	EndGlobalSection
	GlobalSection(SolutionProperties) = preSolution
		HideSolutionNode = FALSE
	EndGlobalSection
	GlobalSection(ExtensibilityGlobals) = postSolution
		SolutionGuid = {6CC36358-EF16-4C54-9B9A-4AC11A58206E}
	EndGlobalSection
EndGlobal
